
Microsoft Visual Studio Solution File, Format Version 12.00
# Visual Studio 15
VisualStudioVersion = 15.0.28010.2046
MinimumVisualStudioVersion = 10.0.40219.1
Project("{FAE04EC0-301F-11D3-BF4B-00C04F79EFBC}") = "GetDataFromXMLforUBLInvoice", "GetDataFromXMLforUBLInvoice\GetDataFromXMLforUBLInvoice.csproj", "{9BAF18A9-B702-410F-9ECE-9A4E3976BE90}"
EndProject
Global
	GlobalSection(SolutionConfigurationPlatforms) = preSolution
		Debug|Any CPU = Debug|Any CPU
		Release|Any CPU = Release|Any CPU
	EndGlobalSection
	GlobalSection(ProjectConfigurationPlatforms) = postSolution
		{9BAF18A9-B702-410F-9ECE-9A4E3976BE90}.Debug|Any CPU.ActiveCfg = Debug|Any CPU
		{9BAF18A9-B702-410F-9ECE-9A4E3976BE90}.Debug|Any CPU.Build.0 = Debug|Any CPU
		{9BAF18A9-B702-410F-9ECE-9A4E3976BE90}.Release|Any CPU.ActiveCfg = Release|Any CPU
		{9BAF18A9-B702-410F-9ECE-9A4E3976BE90}.Release|Any CPU.Build.0 = Release|Any CPU
	EndGlobalSection
	GlobalSection(SolutionProperties) = preSolution
		HideSolutionNode = FALSE
	EndGlobalSection
	GlobalSection(ExtensibilityGlobals) = postSolution
		SolutionGuid = {11126BC9-B88C-4C4A-A3DA-215FAAB89124}
	EndGlobalSection
EndGlobal
